
Microsoft Visual Studio Solution File, Format Version 12.00
# Visual Studio 2012
Project("{E24C65DC-7377-472B-9ABA-BC803B73C61A}") = "WebDevelopment-CS5610", "..\..\..\..\..\..\sites\WebDevelopment-CS5610\", "{C91AD1D7-D206-491B-9C84-58E04B19F82B}"
	ProjectSection(WebsiteProperties) = preProject
		TargetFrameworkMoniker = ".NETFramework,Version%3Dv4.0"
		Debug.AspNetCompiler.VirtualPath = "/WebDevelopment-CS5610"
		Debug.AspNetCompiler.PhysicalPath = "..\..\..\..\..\..\sites\WebDevelopment-CS5610\"
		Debug.AspNetCompiler.TargetPath = "PrecompiledWeb\WebDevelopment-CS5610\"
		Debug.AspNetCompiler.Updateable = "true"
		Debug.AspNetCompiler.ForceOverwrite = "true"
		Debug.AspNetCompiler.FixedNames = "false"
		Debug.AspNetCompiler.Debug = "True"
		Release.AspNetCompiler.VirtualPath = "/WebDevelopment-CS5610"
		Release.AspNetCompiler.PhysicalPath = "..\..\..\..\..\..\sites\WebDevelopment-CS5610\"
		Release.AspNetCompiler.TargetPath = "PrecompiledWeb\WebDevelopment-CS5610\"
		Release.AspNetCompiler.Updateable = "true"
		Release.AspNetCompiler.ForceOverwrite = "true"
		Release.AspNetCompiler.FixedNames = "false"
		Release.AspNetCompiler.Debug = "False"
		VWDPort = "1316"
	EndProjectSection
EndProject
Global
	GlobalSection(SolutionConfigurationPlatforms) = preSolution
		Debug|Any CPU = Debug|Any CPU
	EndGlobalSection
	GlobalSection(ProjectConfigurationPlatforms) = postSolution
		{C91AD1D7-D206-491B-9C84-58E04B19F82B}.Debug|Any CPU.ActiveCfg = Debug|Any CPU
		{C91AD1D7-D206-491B-9C84-58E04B19F82B}.Debug|Any CPU.Build.0 = Debug|Any CPU
	EndGlobalSection
	GlobalSection(SolutionProperties) = preSolution
		HideSolutionNode = FALSE
	EndGlobalSection
EndGlobal
